
Microsoft Visual Studio Solution File, Format Version 12.00
# Visual Studio Version 17
VisualStudioVersion = 17.4.33213.308
MinimumVisualStudioVersion = 10.0.40219.1
Project("{FAE04EC0-301F-11D3-BF4B-00C04F79EFBC}") = "Kidrasov_Trade", "Kidrasov_Trade\Kidrasov_Trade.csproj", "{08FAFDAC-5A8A-4464-959D-BEBA8B7A4638}"
EndProject
Global
	GlobalSection(SolutionConfigurationPlatforms) = preSolution
		Debug|Any CPU = Debug|Any CPU
		Release|Any CPU = Release|Any CPU
	EndGlobalSection
	GlobalSection(ProjectConfigurationPlatforms) = postSolution
		{08FAFDAC-5A8A-4464-959D-BEBA8B7A4638}.Debug|Any CPU.ActiveCfg = Debug|Any CPU
		{08FAFDAC-5A8A-4464-959D-BEBA8B7A4638}.Debug|Any CPU.Build.0 = Debug|Any CPU
		{08FAFDAC-5A8A-4464-959D-BEBA8B7A4638}.Release|Any CPU.ActiveCfg = Release|Any CPU
		{08FAFDAC-5A8A-4464-959D-BEBA8B7A4638}.Release|Any CPU.Build.0 = Release|Any CPU
	EndGlobalSection
	GlobalSection(SolutionProperties) = preSolution
		HideSolutionNode = FALSE
	EndGlobalSection
	GlobalSection(ExtensibilityGlobals) = postSolution
		SolutionGuid = {D42D9D78-3E41-4070-B3F2-5981130E4893}
	EndGlobalSection
EndGlobal
